// !$*UTF8*$!
{
	archiveVersion = 1;
	classes = {
	};
	objectVersion = 55;
	objects = {

/* Begin PBXBuildFile section */
		9C31CDFC27EC8136008E360B /* MVVM_SwigtUIApp.swift in Sources */ = {isa = PBXBuildFile; fileRef = 9C31CDFB27EC8136008E360B /* MVVM_SwigtUIApp.swift */; };
		9C31CDFE27EC8136008E360B /* CourceListView.swift in Sources */ = {isa = PBXBuildFile; fileRef = 9C31CDFD27EC8136008E360B /* CourceListView.swift */; };
		9C31CE0027EC8138008E360B /* Assets.xcassets in Resources */ = {isa = PBXBuildFile; fileRef = 9C31CDFF27EC8138008E360B /* Assets.xcassets */; };
		9C31CE0327EC8138008E360B /* Preview Assets.xcassets in Resources */ = {isa = PBXBuildFile; fileRef = 9C31CE0227EC8138008E360B /* Preview Assets.xcassets */; };
		9C31CE0A27EC8183008E360B /* NetworkManager.swift in Sources */ = {isa = PBXBuildFile; fileRef = 9C31CE0927EC8183008E360B /* NetworkManager.swift */; };
		9C31CE0C27EC832B008E360B /* Course.swift in Sources */ = {isa = PBXBuildFile; fileRef = 9C31CE0B27EC832B008E360B /* Course.swift */; };
		9C31CE0E27EC8530008E360B /* DataManager.swift in Sources */ = {isa = PBXBuildFile; fileRef = 9C31CE0D27EC8530008E360B /* DataManager.swift */; };
		9C31CE1427EC8AB8008E360B /* CourseListViewModel.swift in Sources */ = {isa = PBXBuildFile; fileRef = 9C31CE1327EC8AB8008E360B /* CourseListViewModel.swift */; };
		9C31CE1627ECAB70008E360B /* CourseDetailsView.swift in Sources */ = {isa = PBXBuildFile; fileRef = 9C31CE1527ECAB70008E360B /* CourseDetailsView.swift */; };
		9C31CE1827ECAB85008E360B /* CourseDetailsViewModel.swift in Sources */ = {isa = PBXBuildFile; fileRef = 9C31CE1727ECAB85008E360B /* CourseDetailsViewModel.swift */; };
		9C31CE1D27ECB1DB008E360B /* CourseImage.swift in Sources */ = {isa = PBXBuildFile; fileRef = 9C31CE1C27ECB1DB008E360B /* CourseImage.swift */; };
		9C31CE2327EDAD65008E360B /* RowView.swift in Sources */ = {isa = PBXBuildFile; fileRef = 9C31CE2227EDAD65008E360B /* RowView.swift */; };
/* End PBXBuildFile section */

/* Begin PBXFileReference section */
		9C31CDF827EC8136008E360B /* MVVM SwigtUI.app */ = {isa = PBXFileReference; explicitFileType = wrapper.application; includeInIndex = 0; path = "MVVM SwigtUI.app"; sourceTree = BUILT_PRODUCTS_DIR; };
		9C31CDFB27EC8136008E360B /* MVVM_SwigtUIApp.swift */ = {isa = PBXFileReference; lastKnownFileType = sourcecode.swift; path = MVVM_SwigtUIApp.swift; sourceTree = "<group>"; };
		9C31CDFD27EC8136008E360B /* CourceListView.swift */ = {isa = PBXFileReference; lastKnownFileType = sourcecode.swift; path = CourceListView.swift; sourceTree = "<group>"; };
		9C31CDFF27EC8138008E360B /* Assets.xcassets */ = {isa = PBXFileReference; lastKnownFileType = folder.assetcatalog; path = Assets.xcassets; sourceTree = "<group>"; };
		9C31CE0227EC8138008E360B /* Preview Assets.xcassets */ = {isa = PBXFileReference; lastKnownFileType = folder.assetcatalog; path = "Preview Assets.xcassets"; sourceTree = "<group>"; };
		9C31CE0927EC8183008E360B /* NetworkManager.swift */ = {isa = PBXFileReference; lastKnownFileType = sourcecode.swift; path = NetworkManager.swift; sourceTree = "<group>"; };
		9C31CE0B27EC832B008E360B /* Course.swift */ = {isa = PBXFileReference; lastKnownFileType = sourcecode.swift; path = Course.swift; sourceTree = "<group>"; };
		9C31CE0D27EC8530008E360B /* DataManager.swift */ = {isa = PBXFileReference; lastKnownFileType = sourcecode.swift; path = DataManager.swift; sourceTree = "<group>"; };
		9C31CE1327EC8AB8008E360B /* CourseListViewModel.swift */ = {isa = PBXFileReference; lastKnownFileType = sourcecode.swift; path = CourseListViewModel.swift; sourceTree = "<group>"; };
		9C31CE1527ECAB70008E360B /* CourseDetailsView.swift */ = {isa = PBXFileReference; lastKnownFileType = sourcecode.swift; path = CourseDetailsView.swift; sourceTree = "<group>"; };
		9C31CE1727ECAB85008E360B /* CourseDetailsViewModel.swift */ = {isa = PBXFileReference; lastKnownFileType = sourcecode.swift; path = CourseDetailsViewModel.swift; sourceTree = "<group>"; };
		9C31CE1C27ECB1DB008E360B /* CourseImage.swift */ = {isa = PBXFileReference; lastKnownFileType = sourcecode.swift; path = CourseImage.swift; sourceTree = "<group>"; };
		9C31CE2227EDAD65008E360B /* RowView.swift */ = {isa = PBXFileReference; lastKnownFileType = sourcecode.swift; path = RowView.swift; sourceTree = "<group>"; };
/* End PBXFileReference section */

/* Begin PBXFrameworksBuildPhase section */
		9C31CDF527EC8136008E360B /* Frameworks */ = {
			isa = PBXFrameworksBuildPhase;
			buildActionMask = 2147483647;
			files = (
			);
			runOnlyForDeploymentPostprocessing = 0;
		};
/* End PBXFrameworksBuildPhase section */

/* Begin PBXGroup section */
		9C31CDEF27EC8136008E360B = {
			isa = PBXGroup;
			children = (
				9C31CDFA27EC8136008E360B /* MVVM SwigtUI */,
				9C31CDF927EC8136008E360B /* Products */,
			);
			sourceTree = "<group>";
		};
		9C31CDF927EC8136008E360B /* Products */ = {
			isa = PBXGroup;
			children = (
				9C31CDF827EC8136008E360B /* MVVM SwigtUI.app */,
			);
			name = Products;
			sourceTree = "<group>";
		};
		9C31CDFA27EC8136008E360B /* MVVM SwigtUI */ = {
			isa = PBXGroup;
			children = (
				9C31CDFB27EC8136008E360B /* MVVM_SwigtUIApp.swift */,
				9C31CE1227EC89BF008E360B /* CourseList */,
				9C31CE0B27EC832B008E360B /* Course.swift */,
				9C31CE1927ECAB8C008E360B /* CourseDetails */,
				9C31CDFF27EC8138008E360B /* Assets.xcassets */,
				9C31CE1127EC877A008E360B /* Services */,
				9C31CE0127EC8138008E360B /* Preview Content */,
			);
			path = "MVVM SwigtUI";
			sourceTree = "<group>";
		};
		9C31CE0127EC8138008E360B /* Preview Content */ = {
			isa = PBXGroup;
			children = (
				9C31CE0227EC8138008E360B /* Preview Assets.xcassets */,
			);
			path = "Preview Content";
			sourceTree = "<group>";
		};
		9C31CE1127EC877A008E360B /* Services */ = {
			isa = PBXGroup;
			children = (
				9C31CE0927EC8183008E360B /* NetworkManager.swift */,
				9C31CE0D27EC8530008E360B /* DataManager.swift */,
			);
			path = Services;
			sourceTree = "<group>";
		};
		9C31CE1227EC89BF008E360B /* CourseList */ = {
			isa = PBXGroup;
			children = (
				9C31CDFD27EC8136008E360B /* CourceListView.swift */,
				9C31CE1327EC8AB8008E360B /* CourseListViewModel.swift */,
				9C31CE2227EDAD65008E360B /* RowView.swift */,
			);
			path = CourseList;
			sourceTree = "<group>";
		};
		9C31CE1927ECAB8C008E360B /* CourseDetails */ = {
			isa = PBXGroup;
			children = (
				9C31CE1527ECAB70008E360B /* CourseDetailsView.swift */,
				9C31CE1727ECAB85008E360B /* CourseDetailsViewModel.swift */,
				9C31CE1C27ECB1DB008E360B /* CourseImage.swift */,
			);
			path = CourseDetails;
			sourceTree = "<group>";
		};
/* End PBXGroup section */

/* Begin PBXNativeTarget section */
		9C31CDF727EC8136008E360B /* MVVM SwigtUI */ = {
			isa = PBXNativeTarget;
			buildConfigurationList = 9C31CE0627EC8138008E360B /* Build configuration list for PBXNativeTarget "MVVM SwigtUI" */;
			buildPhases = (
				9C31CDF427EC8136008E360B /* Sources */,
				9C31CDF527EC8136008E360B /* Frameworks */,
				9C31CDF627EC8136008E360B /* Resources */,
			);
			buildRules = (
			);
			dependencies = (
			);
			name = "MVVM SwigtUI";
			productName = "MVVM SwigtUI";
			productReference = 9C31CDF827EC8136008E360B /* MVVM SwigtUI.app */;
			productType = "com.apple.product-type.application";
		};
/* End PBXNativeTarget section */

/* Begin PBXProject section */
		9C31CDF027EC8136008E360B /* Project object */ = {
			isa = PBXProject;
			attributes = {
				BuildIndependentTargetsInParallel = 1;
				LastSwiftUpdateCheck = 1330;
				LastUpgradeCheck = 1330;
				TargetAttributes = {
					9C31CDF727EC8136008E360B = {
						CreatedOnToolsVersion = 13.3;
					};
				};
			};
			buildConfigurationList = 9C31CDF327EC8136008E360B /* Build configuration list for PBXProject "MVVM SwigtUI" */;
			compatibilityVersion = "Xcode 13.0";
			developmentRegion = en;
			hasScannedForEncodings = 0;
			knownRegions = (
				en,
				Base,
			);
			mainGroup = 9C31CDEF27EC8136008E360B;
			productRefGroup = 9C31CDF927EC8136008E360B /* Products */;
			projectDirPath = "";
			projectRoot = "";
			targets = (
				9C31CDF727EC8136008E360B /* MVVM SwigtUI */,
			);
		};
/* End PBXProject section */

/* Begin PBXResourcesBuildPhase section */
		9C31CDF627EC8136008E360B /* Resources */ = {
			isa = PBXResourcesBuildPhase;
			buildActionMask = 2147483647;
			files = (
				9C31CE0327EC8138008E360B /* Preview Assets.xcassets in Resources */,
				9C31CE0027EC8138008E360B /* Assets.xcassets in Resources */,
			);
			runOnlyForDeploymentPostprocessing = 0;
		};
/* End PBXResourcesBuildPhase section */

/* Begin PBXSourcesBuildPhase section */
		9C31CDF427EC8136008E360B /* Sources */ = {
			isa = PBXSourcesBuildPhase;
			buildActionMask = 2147483647;
			files = (
				9C31CE0A27EC8183008E360B /* NetworkManager.swift in Sources */,
				9C31CE2327EDAD65008E360B /* RowView.swift in Sources */,
				9C31CE0E27EC8530008E360B /* DataManager.swift in Sources */,
				9C31CE1D27ECB1DB008E360B /* CourseImage.swift in Sources */,
				9C31CE1827ECAB85008E360B /* CourseDetailsViewModel.swift in Sources */,
				9C31CE1427EC8AB8008E360B /* CourseListViewModel.swift in Sources */,
				9C31CDFE27EC8136008E360B /* CourceListView.swift in Sources */,
				9C31CE1627ECAB70008E360B /* CourseDetailsView.swift in Sources */,
				9C31CE0C27EC832B008E360B /* Course.swift in Sources */,
				9C31CDFC27EC8136008E360B /* MVVM_SwigtUIApp.swift in Sources */,
			);
			runOnlyForDeploymentPostprocessing = 0;
		};
/* End PBXSourcesBuildPhase section */

/* Begin XCBuildConfiguration section */
		9C31CE0427EC8138008E360B /* Debug */ = {
			isa = XCBuildConfiguration;
			buildSettings = {
				ALWAYS_SEARCH_USER_PATHS = NO;
				CLANG_ANALYZER_NONNULL = YES;
				CLANG_ANALYZER_NUMBER_OBJECT_CONVERSION = YES_AGGRESSIVE;
				CLANG_CXX_LANGUAGE_STANDARD = "gnu++17";
				CLANG_ENABLE_MODULES = YES;
				CLANG_ENABLE_OBJC_ARC = YES;
				CLANG_ENABLE_OBJC_WEAK = YES;
				CLANG_WARN_BLOCK_CAPTURE_AUTORELEASING = YES;
				CLANG_WARN_BOOL_CONVERSION = YES;
				CLANG_WARN_COMMA = YES;
				CLANG_WARN_CONSTANT_CONVERSION = YES;
				CLANG_WARN_DEPRECATED_OBJC_IMPLEMENTATIONS = YES;
				CLANG_WARN_DIRECT_OBJC_ISA_USAGE = YES_ERROR;
				CLANG_WARN_DOCUMENTATION_COMMENTS = YES;
				CLANG_WARN_EMPTY_BODY = YES;
				CLANG_WARN_ENUM_CONVERSION = YES;
				CLANG_WARN_INFINITE_RECURSION = YES;
				CLANG_WARN_INT_CONVERSION = YES;
				CLANG_WARN_NON_LITERAL_NULL_CONVERSION = YES;
				CLANG_WARN_OBJC_IMPLICIT_RETAIN_SELF = YES;
				CLANG_WARN_OBJC_LITERAL_CONVERSION = YES;
				CLANG_WARN_OBJC_ROOT_CLASS = YES_ERROR;
				CLANG_WARN_QUOTED_INCLUDE_IN_FRAMEWORK_HEADER = YES;
				CLANG_WARN_RANGE_LOOP_ANALYSIS = YES;
				CLANG_WARN_STRICT_PROTOTYPES = YES;
				CLANG_WARN_SUSPICIOUS_MOVE = YES;
				CLANG_WARN_UNGUARDED_AVAILABILITY = YES_AGGRESSIVE;
				CLANG_WARN_UNREACHABLE_CODE = YES;
				CLANG_WARN__DUPLICATE_METHOD_MATCH = YES;
				COPY_PHASE_STRIP = NO;
				DEBUG_INFORMATION_FORMAT = dwarf;
				ENABLE_STRICT_OBJC_MSGSEND = YES;
				ENABLE_TESTABILITY = YES;
				GCC_C_LANGUAGE_STANDARD = gnu11;
				GCC_DYNAMIC_NO_PIC = NO;
				GCC_NO_COMMON_BLOCKS = YES;
				GCC_OPTIMIZATION_LEVEL = 0;
				GCC_PREPROCESSOR_DEFINITIONS = (
					"DEBUG=1",
					"$(inherited)",
				);
				GCC_WARN_64_TO_32_BIT_CONVERSION = YES;
				GCC_WARN_ABOUT_RETURN_TYPE = YES_ERROR;
				GCC_WARN_UNDECLARED_SELECTOR = YES;
				GCC_WARN_UNINITIALIZED_AUTOS = YES_AGGRESSIVE;
				GCC_WARN_UNUSED_FUNCTION = YES;
				GCC_WARN_UNUSED_VARIABLE = YES;
				IPHONEOS_DEPLOYMENT_TARGET = 15.4;
				MTL_ENABLE_DEBUG_INFO = INCLUDE_SOURCE;
				MTL_FAST_MATH = YES;
				ONLY_ACTIVE_ARCH = YES;
				SDKROOT = iphoneos;
				SWIFT_ACTIVE_COMPILATION_CONDITIONS = DEBUG;
				SWIFT_OPTIMIZATION_LEVEL = "-Onone";
			};
			name = Debug;
		};
		9C31CE0527EC8138008E360B /* Release */ = {
			isa = XCBuildConfiguration;
			buildSettings = {
				ALWAYS_SEARCH_USER_PATHS = NO;
				CLANG_ANALYZER_NONNULL = YES;
				CLANG_ANALYZER_NUMBER_OBJECT_CONVERSION = YES_AGGRESSIVE;
				CLANG_CXX_LANGUAGE_STANDARD = "gnu++17";
				CLANG_ENABLE_MODULES = YES;
				CLANG_ENABLE_OBJC_ARC = YES;
				CLANG_ENABLE_OBJC_WEAK = YES;
				CLANG_WARN_BLOCK_CAPTURE_AUTORELEASING = YES;
				CLANG_WARN_BOOL_CONVERSION = YES;
				CLANG_WARN_COMMA = YES;
				CLANG_WARN_CONSTANT_CONVERSION = YES;
				CLANG_WARN_DEPRECATED_OBJC_IMPLEMENTATIONS = YES;
				CLANG_WARN_DIRECT_OBJC_ISA_USAGE = YES_ERROR;
				CLANG_WARN_DOCUMENTATION_COMMENTS = YES;
				CLANG_WARN_EMPTY_BODY = YES;
				CLANG_WARN_ENUM_CONVERSION = YES;
				CLANG_WARN_INFINITE_RECURSION = YES;
				CLANG_WARN_INT_CONVERSION = YES;
				CLANG_WARN_NON_LITERAL_NULL_CONVERSION = YES;
				CLANG_WARN_OBJC_IMPLICIT_RETAIN_SELF = YES;
				CLANG_WARN_OBJC_LITERAL_CONVERSION = YES;
				CLANG_WARN_OBJC_ROOT_CLASS = YES_ERROR;
				CLANG_WARN_QUOTED_INCLUDE_IN_FRAMEWORK_HEADER = YES;
				CLANG_WARN_RANGE_LOOP_ANALYSIS = YES;
				CLANG_WARN_STRICT_PROTOTYPES = YES;
				CLANG_WARN_SUSPICIOUS_MOVE = YES;
				CLANG_WARN_UNGUARDED_AVAILABILITY = YES_AGGRESSIVE;
				CLANG_WARN_UNREACHABLE_CODE = YES;
				CLANG_WARN__DUPLICATE_METHOD_MATCH = YES;
				COPY_PHASE_STRIP = NO;
				DEBUG_INFORMATION_FORMAT = "dwarf-with-dsym";
				ENABLE_NS_ASSERTIONS = NO;
				ENABLE_STRICT_OBJC_MSGSEND = YES;
				GCC_C_LANGUAGE_STANDARD = gnu11;
				GCC_NO_COMMON_BLOCKS = YES;
				GCC_WARN_64_TO_32_BIT_CONVERSION = YES;
				GCC_WARN_ABOUT_RETURN_TYPE = YES_ERROR;
				GCC_WARN_UNDECLARED_SELECTOR = YES;
				GCC_WARN_UNINITIALIZED_AUTOS = YES_AGGRESSIVE;
				GCC_WARN_UNUSED_FUNCTION = YES;
				GCC_WARN_UNUSED_VARIABLE = YES;
				IPHONEOS_DEPLOYMENT_TARGET = 15.4;
				MTL_ENABLE_DEBUG_INFO = NO;
				MTL_FAST_MATH = YES;
				SDKROOT = iphoneos;
				SWIFT_COMPILATION_MODE = wholemodule;
				SWIFT_OPTIMIZATION_LEVEL = "-O";
				VALIDATE_PRODUCT = YES;
			};
			name = Release;
		};
		9C31CE0727EC8138008E360B /* Debug */ = {
			isa = XCBuildConfiguration;
			buildSettings = {
				ASSETCATALOG_COMPILER_APPICON_NAME = AppIcon;
				ASSETCATALOG_COMPILER_GLOBAL_ACCENT_COLOR_NAME = AccentColor;
				CODE_SIGN_STYLE = Automatic;
				CURRENT_PROJECT_VERSION = 1;
				DEVELOPMENT_ASSET_PATHS = "\"MVVM SwigtUI/Preview Content\"";
				DEVELOPMENT_TEAM = Q5RV2AMVQ8;
				ENABLE_PREVIEWS = YES;
				GENERATE_INFOPLIST_FILE = YES;
				INFOPLIST_KEY_UIApplicationSceneManifest_Generation = YES;
				INFOPLIST_KEY_UIApplicationSupportsIndirectInputEvents = YES;
				INFOPLIST_KEY_UILaunchScreen_Generation = YES;
				INFOPLIST_KEY_UISupportedInterfaceOrientations_iPad = "UIInterfaceOrientationPortrait UIInterfaceOrientationPortraitUpsideDown UIInterfaceOrientationLandscapeLeft UIInterfaceOrientationLandscapeRight";
				INFOPLIST_KEY_UISupportedInterfaceOrientations_iPhone = "UIInterfaceOrientationPortrait UIInterfaceOrientationLandscapeLeft UIInterfaceOrientationLandscapeRight";
				LD_RUNPATH_SEARCH_PATHS = (
					"$(inherited)",
					"@executable_path/Frameworks",
				);
				MARKETING_VERSION = 1.0;
				PRODUCT_BUNDLE_IDENTIFIER = "Bogdan.MVVM-SwigtUI";
				PRODUCT_NAME = "$(TARGET_NAME)";
				SWIFT_EMIT_LOC_STRINGS = YES;
				SWIFT_VERSION = 5.0;
				TARGETED_DEVICE_FAMILY = "1,2";
			};
			name = Debug;
		};
		9C31CE0827EC8138008E360B /* Release */ = {
			isa = XCBuildConfiguration;
			buildSettings = {
				ASSETCATALOG_COMPILER_APPICON_NAME = AppIcon;
				ASSETCATALOG_COMPILER_GLOBAL_ACCENT_COLOR_NAME = AccentColor;
				CODE_SIGN_STYLE = Automatic;
				CURRENT_PROJECT_VERSION = 1;
				DEVELOPMENT_ASSET_PATHS = "\"MVVM SwigtUI/Preview Content\"";
				DEVELOPMENT_TEAM = Q5RV2AMVQ8;
				ENABLE_PREVIEWS = YES;
				GENERATE_INFOPLIST_FILE = YES;
				INFOPLIST_KEY_UIApplicationSceneManifest_Generation = YES;
				INFOPLIST_KEY_UIApplicationSupportsIndirectInputEvents = YES;
				INFOPLIST_KEY_UILaunchScreen_Generation = YES;
				INFOPLIST_KEY_UISupportedInterfaceOrientations_iPad = "UIInterfaceOrientationPortrait UIInterfaceOrientationPortraitUpsideDown UIInterfaceOrientationLandscapeLeft UIInterfaceOrientationLandscapeRight";
				INFOPLIST_KEY_UISupportedInterfaceOrientations_iPhone = "UIInterfaceOrientationPortrait UIInterfaceOrientationLandscapeLeft UIInterfaceOrientationLandscapeRight";
				LD_RUNPATH_SEARCH_PATHS = (
					"$(inherited)",
					"@executable_path/Frameworks",
				);
				MARKETING_VERSION = 1.0;
				PRODUCT_BUNDLE_IDENTIFIER = "Bogdan.MVVM-SwigtUI";
				PRODUCT_NAME = "$(TARGET_NAME)";
				SWIFT_EMIT_LOC_STRINGS = YES;
				SWIFT_VERSION = 5.0;
				TARGETED_DEVICE_FAMILY = "1,2";
			};
			name = Release;
		};
/* End XCBuildConfiguration section */

/* Begin XCConfigurationList section */
		9C31CDF327EC8136008E360B /* Build configuration list for PBXProject "MVVM SwigtUI" */ = {
			isa = XCConfigurationList;
			buildConfigurations = (
				9C31CE0427EC8138008E360B /* Debug */,
				9C31CE0527EC8138008E360B /* Release */,
			);
			defaultConfigurationIsVisible = 0;
			defaultConfigurationName = Release;
		};
		9C31CE0627EC8138008E360B /* Build configuration list for PBXNativeTarget "MVVM SwigtUI" */ = {
			isa = XCConfigurationList;
			buildConfigurations = (
				9C31CE0727EC8138008E360B /* Debug */,
				9C31CE0827EC8138008E360B /* Release */,
			);
			defaultConfigurationIsVisible = 0;
			defaultConfigurationName = Release;
		};
/* End XCConfigurationList section */
	};
	rootObject = 9C31CDF027EC8136008E360B /* Project object */;
}
